// !$*UTF8*$!
{
	archiveVersion = 1;
	classes = {
	};
	objectVersion = 50;
	objects = {

/* Begin PBXBuildFile section */
		044C03D0217D96E3005F6092 /* AppDelegate.swift in Sources */ = {isa = PBXBuildFile; fileRef = 044C03CF217D96E3005F6092 /* AppDelegate.swift */; };
		044C03D2217D96E3005F6092 /* FirstViewController.swift in Sources */ = {isa = PBXBuildFile; fileRef = 044C03D1217D96E3005F6092 /* FirstViewController.swift */; };
		044C03D4217D96E3005F6092 /* SecondViewController.swift in Sources */ = {isa = PBXBuildFile; fileRef = 044C03D3217D96E3005F6092 /* SecondViewController.swift */; };
		044C03D7217D96E3005F6092 /* Main.storyboard in Resources */ = {isa = PBXBuildFile; fileRef = 044C03D5217D96E3005F6092 /* Main.storyboard */; };
		044C03D9217D96E4005F6092 /* Assets.xcassets in Resources */ = {isa = PBXBuildFile; fileRef = 044C03D8217D96E4005F6092 /* Assets.xcassets */; };
		044C03DC217D96E4005F6092 /* LaunchScreen.storyboard in Resources */ = {isa = PBXBuildFile; fileRef = 044C03DA217D96E4005F6092 /* LaunchScreen.storyboard */; };
		044C03E7217D96E5005F6092 /* TodoAppTests.swift in Sources */ = {isa = PBXBuildFile; fileRef = 044C03E6217D96E5005F6092 /* TodoAppTests.swift */; };
		044C03F2217D96E5005F6092 /* TodoAppUITests.swift in Sources */ = {isa = PBXBuildFile; fileRef = 044C03F1217D96E5005F6092 /* TodoAppUITests.swift */; };
/* End PBXBuildFile section */

/* Begin PBXContainerItemProxy section */
		044C03E3217D96E5005F6092 /* PBXContainerItemProxy */ = {
			isa = PBXContainerItemProxy;
			containerPortal = 044C03C4217D96E3005F6092 /* Project object */;
			proxyType = 1;
			remoteGlobalIDString = 044C03CB217D96E3005F6092;
			remoteInfo = TodoApp;
		};
		044C03EE217D96E5005F6092 /* PBXContainerItemProxy */ = {
			isa = PBXContainerItemProxy;
			containerPortal = 044C03C4217D96E3005F6092 /* Project object */;
			proxyType = 1;
			remoteGlobalIDString = 044C03CB217D96E3005F6092;
			remoteInfo = TodoApp;
		};
/* End PBXContainerItemProxy section */

/* Begin PBXFileReference section */
		044C03CC217D96E3005F6092 /* TodoApp.app */ = {isa = PBXFileReference; explicitFileType = wrapper.application; includeInIndex = 0; path = TodoApp.app; sourceTree = BUILT_PRODUCTS_DIR; };
		044C03CF217D96E3005F6092 /* AppDelegate.swift */ = {isa = PBXFileReference; lastKnownFileType = sourcecode.swift; path = AppDelegate.swift; sourceTree = "<group>"; };
		044C03D1217D96E3005F6092 /* FirstViewController.swift */ = {isa = PBXFileReference; lastKnownFileType = sourcecode.swift; path = FirstViewController.swift; sourceTree = "<group>"; };
		044C03D3217D96E3005F6092 /* SecondViewController.swift */ = {isa = PBXFileReference; lastKnownFileType = sourcecode.swift; path = SecondViewController.swift; sourceTree = "<group>"; };
		044C03D6217D96E3005F6092 /* Base */ = {isa = PBXFileReference; lastKnownFileType = file.storyboard; name = Base; path = Base.lproj/Main.storyboard; sourceTree = "<group>"; };
		044C03D8217D96E4005F6092 /* Assets.xcassets */ = {isa = PBXFileReference; lastKnownFileType = folder.assetcatalog; path = Assets.xcassets; sourceTree = "<group>"; };
		044C03DB217D96E4005F6092 /* Base */ = {isa = PBXFileReference; lastKnownFileType = file.storyboard; name = Base; path = Base.lproj/LaunchScreen.storyboard; sourceTree = "<group>"; };
		044C03DD217D96E4005F6092 /* Info.plist */ = {isa = PBXFileReference; lastKnownFileType = text.plist.xml; path = Info.plist; sourceTree = "<group>"; };
		044C03E2217D96E5005F6092 /* TodoAppTests.xctest */ = {isa = PBXFileReference; explicitFileType = wrapper.cfbundle; includeInIndex = 0; path = TodoAppTests.xctest; sourceTree = BUILT_PRODUCTS_DIR; };
		044C03E6217D96E5005F6092 /* TodoAppTests.swift */ = {isa = PBXFileReference; lastKnownFileType = sourcecode.swift; path = TodoAppTests.swift; sourceTree = "<group>"; };
		044C03E8217D96E5005F6092 /* Info.plist */ = {isa = PBXFileReference; lastKnownFileType = text.plist.xml; path = Info.plist; sourceTree = "<group>"; };
		044C03ED217D96E5005F6092 /* TodoAppUITests.xctest */ = {isa = PBXFileReference; explicitFileType = wrapper.cfbundle; includeInIndex = 0; path = TodoAppUITests.xctest; sourceTree = BUILT_PRODUCTS_DIR; };
		044C03F1217D96E5005F6092 /* TodoAppUITests.swift */ = {isa = PBXFileReference; lastKnownFileType = sourcecode.swift; path = TodoAppUITests.swift; sourceTree = "<group>"; };
		044C03F3217D96E5005F6092 /* Info.plist */ = {isa = PBXFileReference; lastKnownFileType = text.plist.xml; path = Info.plist; sourceTree = "<group>"; };
/* End PBXFileReference section */

/* Begin PBXFrameworksBuildPhase section */
		044C03C9217D96E3005F6092 /* Frameworks */ = {
			isa = PBXFrameworksBuildPhase;
			buildActionMask = 2147483647;
			files = (
			);
			runOnlyForDeploymentPostprocessing = 0;
		};
		044C03DF217D96E5005F6092 /* Frameworks */ = {
			isa = PBXFrameworksBuildPhase;
			buildActionMask = 2147483647;
			files = (
			);
			runOnlyForDeploymentPostprocessing = 0;
		};
		044C03EA217D96E5005F6092 /* Frameworks */ = {
			isa = PBXFrameworksBuildPhase;
			buildActionMask = 2147483647;
			files = (
			);
			runOnlyForDeploymentPostprocessing = 0;
		};
/* End PBXFrameworksBuildPhase section */

/* Begin PBXGroup section */
		044C03C3217D96E3005F6092 = {
			isa = PBXGroup;
			children = (
				044C03CE217D96E3005F6092 /* TodoApp */,
				044C03E5217D96E5005F6092 /* TodoAppTests */,
				044C03F0217D96E5005F6092 /* TodoAppUITests */,
				044C03CD217D96E3005F6092 /* Products */,
			);
			sourceTree = "<group>";
		};
		044C03CD217D96E3005F6092 /* Products */ = {
			isa = PBXGroup;
			children = (
				044C03CC217D96E3005F6092 /* TodoApp.app */,
				044C03E2217D96E5005F6092 /* TodoAppTests.xctest */,
				044C03ED217D96E5005F6092 /* TodoAppUITests.xctest */,
			);
			name = Products;
			sourceTree = "<group>";
		};
		044C03CE217D96E3005F6092 /* TodoApp */ = {
			isa = PBXGroup;
			children = (
				044C03CF217D96E3005F6092 /* AppDelegate.swift */,
				044C03D1217D96E3005F6092 /* FirstViewController.swift */,
				044C03D3217D96E3005F6092 /* SecondViewController.swift */,
				044C03D5217D96E3005F6092 /* Main.storyboard */,
				044C03D8217D96E4005F6092 /* Assets.xcassets */,
				044C03DA217D96E4005F6092 /* LaunchScreen.storyboard */,
				044C03DD217D96E4005F6092 /* Info.plist */,
			);
			path = TodoApp;
			sourceTree = "<group>";
		};
		044C03E5217D96E5005F6092 /* TodoAppTests */ = {
			isa = PBXGroup;
			children = (
				044C03E6217D96E5005F6092 /* TodoAppTests.swift */,
				044C03E8217D96E5005F6092 /* Info.plist */,
			);
			path = TodoAppTests;
			sourceTree = "<group>";
		};
		044C03F0217D96E5005F6092 /* TodoAppUITests */ = {
			isa = PBXGroup;
			children = (
				044C03F1217D96E5005F6092 /* TodoAppUITests.swift */,
				044C03F3217D96E5005F6092 /* Info.plist */,
			);
			path = TodoAppUITests;
			sourceTree = "<group>";
		};
/* End PBXGroup section */

/* Begin PBXNativeTarget section */
		044C03CB217D96E3005F6092 /* TodoApp */ = {
			isa = PBXNativeTarget;
			buildConfigurationList = 044C03F6217D96E5005F6092 /* Build configuration list for PBXNativeTarget "TodoApp" */;
			buildPhases = (
				044C03C8217D96E3005F6092 /* Sources */,
				044C03C9217D96E3005F6092 /* Frameworks */,
				044C03CA217D96E3005F6092 /* Resources */,
			);
			buildRules = (
			);
			dependencies = (
			);
			name = TodoApp;
			productName = TodoApp;
			productReference = 044C03CC217D96E3005F6092 /* TodoApp.app */;
			productType = "com.apple.product-type.application";
		};
		044C03E1217D96E5005F6092 /* TodoAppTests */ = {
			isa = PBXNativeTarget;
			buildConfigurationList = 044C03F9217D96E5005F6092 /* Build configuration list for PBXNativeTarget "TodoAppTests" */;
			buildPhases = (
				044C03DE217D96E5005F6092 /* Sources */,
				044C03DF217D96E5005F6092 /* Frameworks */,
				044C03E0217D96E5005F6092 /* Resources */,
			);
			buildRules = (
			);
			dependencies = (
				044C03E4217D96E5005F6092 /* PBXTargetDependency */,
			);
			name = TodoAppTests;
			productName = TodoAppTests;
			productReference = 044C03E2217D96E5005F6092 /* TodoAppTests.xctest */;
			productType = "com.apple.product-type.bundle.unit-test";
		};
		044C03EC217D96E5005F6092 /* TodoAppUITests */ = {
			isa = PBXNativeTarget;
			buildConfigurationList = 044C03FC217D96E5005F6092 /* Build configuration list for PBXNativeTarget "TodoAppUITests" */;
			buildPhases = (
				044C03E9217D96E5005F6092 /* Sources */,
				044C03EA217D96E5005F6092 /* Frameworks */,
				044C03EB217D96E5005F6092 /* Resources */,
			);
			buildRules = (
			);
			dependencies = (
				044C03EF217D96E5005F6092 /* PBXTargetDependency */,
			);
			name = TodoAppUITests;
			productName = TodoAppUITests;
			productReference = 044C03ED217D96E5005F6092 /* TodoAppUITests.xctest */;
			productType = "com.apple.product-type.bundle.ui-testing";
		};
/* End PBXNativeTarget section */

/* Begin PBXProject section */
		044C03C4217D96E3005F6092 /* Project object */ = {
			isa = PBXProject;
			attributes = {
				LastSwiftUpdateCheck = 1000;
				LastUpgradeCheck = 1000;
				ORGANIZATIONNAME = jack;
				TargetAttributes = {
					044C03CB217D96E3005F6092 = {
						CreatedOnToolsVersion = 10.0;
					};
					044C03E1217D96E5005F6092 = {
						CreatedOnToolsVersion = 10.0;
						TestTargetID = 044C03CB217D96E3005F6092;
					};
					044C03EC217D96E5005F6092 = {
						CreatedOnToolsVersion = 10.0;
						TestTargetID = 044C03CB217D96E3005F6092;
					};
				};
			};
			buildConfigurationList = 044C03C7217D96E3005F6092 /* Build configuration list for PBXProject "TodoApp" */;
			compatibilityVersion = "Xcode 9.3";
			developmentRegion = en;
			hasScannedForEncodings = 0;
			knownRegions = (
				en,
				Base,
			);
			mainGroup = 044C03C3217D96E3005F6092;
			productRefGroup = 044C03CD217D96E3005F6092 /* Products */;
			projectDirPath = "";
			projectRoot = "";
			targets = (
				044C03CB217D96E3005F6092 /* TodoApp */,
				044C03E1217D96E5005F6092 /* TodoAppTests */,
				044C03EC217D96E5005F6092 /* TodoAppUITests */,
			);
		};
/* End PBXProject section */

/* Begin PBXResourcesBuildPhase section */
		044C03CA217D96E3005F6092 /* Resources */ = {
			isa = PBXResourcesBuildPhase;
			buildActionMask = 2147483647;
			files = (
				044C03DC217D96E4005F6092 /* LaunchScreen.storyboard in Resources */,
				044C03D9217D96E4005F6092 /* Assets.xcassets in Resources */,
				044C03D7217D96E3005F6092 /* Main.storyboard in Resources */,
			);
			runOnlyForDeploymentPostprocessing = 0;
		};
		044C03E0217D96E5005F6092 /* Resources */ = {
			isa = PBXResourcesBuildPhase;
			buildActionMask = 2147483647;
			files = (
			);
			runOnlyForDeploymentPostprocessing = 0;
		};
		044C03EB217D96E5005F6092 /* Resources */ = {
			isa = PBXResourcesBuildPhase;
			buildActionMask = 2147483647;
			files = (
			);
			runOnlyForDeploymentPostprocessing = 0;
		};
/* End PBXResourcesBuildPhase section */

/* Begin PBXSourcesBuildPhase section */
		044C03C8217D96E3005F6092 /* Sources */ = {
			isa = PBXSourcesBuildPhase;
			buildActionMask = 2147483647;
			files = (
				044C03D4217D96E3005F6092 /* SecondViewController.swift in Sources */,
				044C03D0217D96E3005F6092 /* AppDelegate.swift in Sources */,
				044C03D2217D96E3005F6092 /* FirstViewController.swift in Sources */,
			);
			runOnlyForDeploymentPostprocessing = 0;
		};
		044C03DE217D96E5005F6092 /* Sources */ = {
			isa = PBXSourcesBuildPhase;
			buildActionMask = 2147483647;
			files = (
				044C03E7217D96E5005F6092 /* TodoAppTests.swift in Sources */,
			);
			runOnlyForDeploymentPostprocessing = 0;
		};
		044C03E9217D96E5005F6092 /* Sources */ = {
			isa = PBXSourcesBuildPhase;
			buildActionMask = 2147483647;
			files = (
				044C03F2217D96E5005F6092 /* TodoAppUITests.swift in Sources */,
			);
			runOnlyForDeploymentPostprocessing = 0;
		};
/* End PBXSourcesBuildPhase section */

/* Begin PBXTargetDependency section */
		044C03E4217D96E5005F6092 /* PBXTargetDependency */ = {
			isa = PBXTargetDependency;
			target = 044C03CB217D96E3005F6092 /* TodoApp */;
			targetProxy = 044C03E3217D96E5005F6092 /* PBXContainerItemProxy */;
		};
		044C03EF217D96E5005F6092 /* PBXTargetDependency */ = {
			isa = PBXTargetDependency;
			target = 044C03CB217D96E3005F6092 /* TodoApp */;
			targetProxy = 044C03EE217D96E5005F6092 /* PBXContainerItemProxy */;
		};
/* End PBXTargetDependency section */

/* Begin PBXVariantGroup section */
		044C03D5217D96E3005F6092 /* Main.storyboard */ = {
			isa = PBXVariantGroup;
			children = (
				044C03D6217D96E3005F6092 /* Base */,
			);
			name = Main.storyboard;
			sourceTree = "<group>";
		};
		044C03DA217D96E4005F6092 /* LaunchScreen.storyboard */ = {
			isa = PBXVariantGroup;
			children = (
				044C03DB217D96E4005F6092 /* Base */,
			);
			name = LaunchScreen.storyboard;
			sourceTree = "<group>";
		};
/* End PBXVariantGroup section */

/* Begin XCBuildConfiguration section */
		044C03F4217D96E5005F6092 /* Debug */ = {
			isa = XCBuildConfiguration;
			buildSettings = {
				ALWAYS_SEARCH_USER_PATHS = NO;
				CLANG_ANALYZER_NONNULL = YES;
				CLANG_ANALYZER_NUMBER_OBJECT_CONVERSION = YES_AGGRESSIVE;
				CLANG_CXX_LANGUAGE_STANDARD = "gnu++14";
				CLANG_CXX_LIBRARY = "libc++";
				CLANG_ENABLE_MODULES = YES;
				CLANG_ENABLE_OBJC_ARC = YES;
				CLANG_ENABLE_OBJC_WEAK = YES;
				CLANG_WARN_BLOCK_CAPTURE_AUTORELEASING = YES;
				CLANG_WARN_BOOL_CONVERSION = YES;
				CLANG_WARN_COMMA = YES;
				CLANG_WARN_CONSTANT_CONVERSION = YES;
				CLANG_WARN_DEPRECATED_OBJC_IMPLEMENTATIONS = YES;
				CLANG_WARN_DIRECT_OBJC_ISA_USAGE = YES_ERROR;
				CLANG_WARN_DOCUMENTATION_COMMENTS = YES;
				CLANG_WARN_EMPTY_BODY = YES;
				CLANG_WARN_ENUM_CONVERSION = YES;
				CLANG_WARN_INFINITE_RECURSION = YES;
				CLANG_WARN_INT_CONVERSION = YES;
				CLANG_WARN_NON_LITERAL_NULL_CONVERSION = YES;
				CLANG_WARN_OBJC_IMPLICIT_RETAIN_SELF = YES;
				CLANG_WARN_OBJC_LITERAL_CONVERSION = YES;
				CLANG_WARN_OBJC_ROOT_CLASS = YES_ERROR;
				CLANG_WARN_RANGE_LOOP_ANALYSIS = YES;
				CLANG_WARN_STRICT_PROTOTYPES = YES;
				CLANG_WARN_SUSPICIOUS_MOVE = YES;
				CLANG_WARN_UNGUARDED_AVAILABILITY = YES_AGGRESSIVE;
				CLANG_WARN_UNREACHABLE_CODE = YES;
				CLANG_WARN__DUPLICATE_METHOD_MATCH = YES;
				CODE_SIGN_IDENTITY = "iPhone Developer";
				COPY_PHASE_STRIP = NO;
				DEBUG_INFORMATION_FORMAT = dwarf;
				ENABLE_STRICT_OBJC_MSGSEND = YES;
				ENABLE_TESTABILITY = YES;
				GCC_C_LANGUAGE_STANDARD = gnu11;
				GCC_DYNAMIC_NO_PIC = NO;
				GCC_NO_COMMON_BLOCKS = YES;
				GCC_OPTIMIZATION_LEVEL = 0;
				GCC_PREPROCESSOR_DEFINITIONS = (
					"DEBUG=1",
					"$(inherited)",
				);
				GCC_WARN_64_TO_32_BIT_CONVERSION = YES;
				GCC_WARN_ABOUT_RETURN_TYPE = YES_ERROR;
				GCC_WARN_UNDECLARED_SELECTOR = YES;
				GCC_WARN_UNINITIALIZED_AUTOS = YES_AGGRESSIVE;
				GCC_WARN_UNUSED_FUNCTION = YES;
				GCC_WARN_UNUSED_VARIABLE = YES;
				IPHONEOS_DEPLOYMENT_TARGET = 12.0;
				MTL_ENABLE_DEBUG_INFO = INCLUDE_SOURCE;
				MTL_FAST_MATH = YES;
				ONLY_ACTIVE_ARCH = YES;
				SDKROOT = iphoneos;
				SWIFT_ACTIVE_COMPILATION_CONDITIONS = DEBUG;
				SWIFT_OPTIMIZATION_LEVEL = "-Onone";
			};
			name = Debug;
		};
		044C03F5217D96E5005F6092 /* Release */ = {
			isa = XCBuildConfiguration;
			buildSettings = {
				ALWAYS_SEARCH_USER_PATHS = NO;
				CLANG_ANALYZER_NONNULL = YES;
				CLANG_ANALYZER_NUMBER_OBJECT_CONVERSION = YES_AGGRESSIVE;
				CLANG_CXX_LANGUAGE_STANDARD = "gnu++14";
				CLANG_CXX_LIBRARY = "libc++";
				CLANG_ENABLE_MODULES = YES;
				CLANG_ENABLE_OBJC_ARC = YES;
				CLANG_ENABLE_OBJC_WEAK = YES;
				CLANG_WARN_BLOCK_CAPTURE_AUTORELEASING = YES;
				CLANG_WARN_BOOL_CONVERSION = YES;
				CLANG_WARN_COMMA = YES;
				CLANG_WARN_CONSTANT_CONVERSION = YES;
				CLANG_WARN_DEPRECATED_OBJC_IMPLEMENTATIONS = YES;
				CLANG_WARN_DIRECT_OBJC_ISA_USAGE = YES_ERROR;
				CLANG_WARN_DOCUMENTATION_COMMENTS = YES;
				CLANG_WARN_EMPTY_BODY = YES;
				CLANG_WARN_ENUM_CONVERSION = YES;
				CLANG_WARN_INFINITE_RECURSION = YES;
				CLANG_WARN_INT_CONVERSION = YES;
				CLANG_WARN_NON_LITERAL_NULL_CONVERSION = YES;
				CLANG_WARN_OBJC_IMPLICIT_RETAIN_SELF = YES;
				CLANG_WARN_OBJC_LITERAL_CONVERSION = YES;
				CLANG_WARN_OBJC_ROOT_CLASS = YES_ERROR;
				CLANG_WARN_RANGE_LOOP_ANALYSIS = YES;
				CLANG_WARN_STRICT_PROTOTYPES = YES;
				CLANG_WARN_SUSPICIOUS_MOVE = YES;
				CLANG_WARN_UNGUARDED_AVAILABILITY = YES_AGGRESSIVE;
				CLANG_WARN_UNREACHABLE_CODE = YES;
				CLANG_WARN__DUPLICATE_METHOD_MATCH = YES;
				CODE_SIGN_IDENTITY = "iPhone Developer";
				COPY_PHASE_STRIP = NO;
				DEBUG_INFORMATION_FORMAT = "dwarf-with-dsym";
				ENABLE_NS_ASSERTIONS = NO;
				ENABLE_STRICT_OBJC_MSGSEND = YES;
				GCC_C_LANGUAGE_STANDARD = gnu11;
				GCC_NO_COMMON_BLOCKS = YES;
				GCC_WARN_64_TO_32_BIT_CONVERSION = YES;
				GCC_WARN_ABOUT_RETURN_TYPE = YES_ERROR;
				GCC_WARN_UNDECLARED_SELECTOR = YES;
				GCC_WARN_UNINITIALIZED_AUTOS = YES_AGGRESSIVE;
				GCC_WARN_UNUSED_FUNCTION = YES;
				GCC_WARN_UNUSED_VARIABLE = YES;
				IPHONEOS_DEPLOYMENT_TARGET = 12.0;
				MTL_ENABLE_DEBUG_INFO = NO;
				MTL_FAST_MATH = YES;
				SDKROOT = iphoneos;
				SWIFT_COMPILATION_MODE = wholemodule;
				SWIFT_OPTIMIZATION_LEVEL = "-O";
				VALIDATE_PRODUCT = YES;
			};
			name = Release;
		};
		044C03F7217D96E5005F6092 /* Debug */ = {
			isa = XCBuildConfiguration;
			buildSettings = {
				ASSETCATALOG_COMPILER_APPICON_NAME = AppIcon;
				CODE_SIGN_STYLE = Automatic;
				INFOPLIST_FILE = TodoApp/Info.plist;
				LD_RUNPATH_SEARCH_PATHS = (
					"$(inherited)",
					"@executable_path/Frameworks",
				);
				PRODUCT_BUNDLE_IDENTIFIER = CSC.TodoApp;
				PRODUCT_NAME = "$(TARGET_NAME)";
				SWIFT_VERSION = 4.2;
				TARGETED_DEVICE_FAMILY = "1,2";
			};
			name = Debug;
		};
		044C03F8217D96E5005F6092 /* Release */ = {
			isa = XCBuildConfiguration;
			buildSettings = {
				ASSETCATALOG_COMPILER_APPICON_NAME = AppIcon;
				CODE_SIGN_STYLE = Automatic;
				INFOPLIST_FILE = TodoApp/Info.plist;
				LD_RUNPATH_SEARCH_PATHS = (
					"$(inherited)",
					"@executable_path/Frameworks",
				);
				PRODUCT_BUNDLE_IDENTIFIER = CSC.TodoApp;
				PRODUCT_NAME = "$(TARGET_NAME)";
				SWIFT_VERSION = 4.2;
				TARGETED_DEVICE_FAMILY = "1,2";
			};
			name = Release;
		};
		044C03FA217D96E5005F6092 /* Debug */ = {
			isa = XCBuildConfiguration;
			buildSettings = {
				ALWAYS_EMBED_SWIFT_STANDARD_LIBRARIES = YES;
				BUNDLE_LOADER = "$(TEST_HOST)";
				CODE_SIGN_STYLE = Automatic;
				INFOPLIST_FILE = TodoAppTests/Info.plist;
				LD_RUNPATH_SEARCH_PATHS = (
					"$(inherited)",
					"@executable_path/Frameworks",
					"@loader_path/Frameworks",
				);
				PRODUCT_BUNDLE_IDENTIFIER = CSC.TodoAppTests;
				PRODUCT_NAME = "$(TARGET_NAME)";
				SWIFT_VERSION = 4.2;
				TARGETED_DEVICE_FAMILY = "1,2";
				TEST_HOST = "$(BUILT_PRODUCTS_DIR)/TodoApp.app/TodoApp";
			};
			name = Debug;
		};
		044C03FB217D96E5005F6092 /* Release */ = {
			isa = XCBuildConfiguration;
			buildSettings = {
				ALWAYS_EMBED_SWIFT_STANDARD_LIBRARIES = YES;
				BUNDLE_LOADER = "$(TEST_HOST)";
				CODE_SIGN_STYLE = Automatic;
				INFOPLIST_FILE = TodoAppTests/Info.plist;
				LD_RUNPATH_SEARCH_PATHS = (
					"$(inherited)",
					"@executable_path/Frameworks",
					"@loader_path/Frameworks",
				);
				PRODUCT_BUNDLE_IDENTIFIER = CSC.TodoAppTests;
				PRODUCT_NAME = "$(TARGET_NAME)";
				SWIFT_VERSION = 4.2;
				TARGETED_DEVICE_FAMILY = "1,2";
				TEST_HOST = "$(BUILT_PRODUCTS_DIR)/TodoApp.app/TodoApp";
			};
			name = Release;
		};
		044C03FD217D96E5005F6092 /* Debug */ = {
			isa = XCBuildConfiguration;
			buildSettings = {
				ALWAYS_EMBED_SWIFT_STANDARD_LIBRARIES = YES;
				CODE_SIGN_STYLE = Automatic;
				INFOPLIST_FILE = TodoAppUITests/Info.plist;
				LD_RUNPATH_SEARCH_PATHS = (
					"$(inherited)",
					"@executable_path/Frameworks",
					"@loader_path/Frameworks",
				);
				PRODUCT_BUNDLE_IDENTIFIER = CSC.TodoAppUITests;
				PRODUCT_NAME = "$(TARGET_NAME)";
				SWIFT_VERSION = 4.2;
				TARGETED_DEVICE_FAMILY = "1,2";
				TEST_TARGET_NAME = TodoApp;
			};
			name = Debug;
		};
		044C03FE217D96E5005F6092 /* Release */ = {
			isa = XCBuildConfiguration;
			buildSettings = {
				ALWAYS_EMBED_SWIFT_STANDARD_LIBRARIES = YES;
				CODE_SIGN_STYLE = Automatic;
				INFOPLIST_FILE = TodoAppUITests/Info.plist;
				LD_RUNPATH_SEARCH_PATHS = (
					"$(inherited)",
					"@executable_path/Frameworks",
					"@loader_path/Frameworks",
				);
				PRODUCT_BUNDLE_IDENTIFIER = CSC.TodoAppUITests;
				PRODUCT_NAME = "$(TARGET_NAME)";
				SWIFT_VERSION = 4.2;
				TARGETED_DEVICE_FAMILY = "1,2";
				TEST_TARGET_NAME = TodoApp;
			};
			name = Release;
		};
/* End XCBuildConfiguration section */

/* Begin XCConfigurationList section */
		044C03C7217D96E3005F6092 /* Build configuration list for PBXProject "TodoApp" */ = {
			isa = XCConfigurationList;
			buildConfigurations = (
				044C03F4217D96E5005F6092 /* Debug */,
				044C03F5217D96E5005F6092 /* Release */,
			);
			defaultConfigurationIsVisible = 0;
			defaultConfigurationName = Release;
		};
		044C03F6217D96E5005F6092 /* Build configuration list for PBXNativeTarget "TodoApp" */ = {
			isa = XCConfigurationList;
			buildConfigurations = (
				044C03F7217D96E5005F6092 /* Debug */,
				044C03F8217D96E5005F6092 /* Release */,
			);
			defaultConfigurationIsVisible = 0;
			defaultConfigurationName = Release;
		};
		044C03F9217D96E5005F6092 /* Build configuration list for PBXNativeTarget "TodoAppTests" */ = {
			isa = XCConfigurationList;
			buildConfigurations = (
				044C03FA217D96E5005F6092 /* Debug */,
				044C03FB217D96E5005F6092 /* Release */,
			);
			defaultConfigurationIsVisible = 0;
			defaultConfigurationName = Release;
		};
		044C03FC217D96E5005F6092 /* Build configuration list for PBXNativeTarget "TodoAppUITests" */ = {
			isa = XCConfigurationList;
			buildConfigurations = (
				044C03FD217D96E5005F6092 /* Debug */,
				044C03FE217D96E5005F6092 /* Release */,
			);
			defaultConfigurationIsVisible = 0;
			defaultConfigurationName = Release;
		};
/* End XCConfigurationList section */
	};
	rootObject = 044C03C4217D96E3005F6092 /* Project object */;
}
